
Microsoft Visual Studio Solution File, Format Version 12.00
# Visual Studio Version 16
VisualStudioVersion = 16.0.30907.101
MinimumVisualStudioVersion = 10.0.40219.1
Project("{FAE04EC0-301F-11D3-BF4B-00C04F79EFBC}") = "CrudMvc", "CrudMvc\CrudMvc.csproj", "{3BB2F611-0CA5-4282-BB66-62EC652517DD}"
EndProject
Global
	GlobalSection(SolutionConfigurationPlatforms) = preSolution
		Debug|Any CPU = Debug|Any CPU
		Release|Any CPU = Release|Any CPU
	EndGlobalSection
	GlobalSection(ProjectConfigurationPlatforms) = postSolution
		{3BB2F611-0CA5-4282-BB66-62EC652517DD}.Debug|Any CPU.ActiveCfg = Debug|Any CPU
		{3BB2F611-0CA5-4282-BB66-62EC652517DD}.Debug|Any CPU.Build.0 = Debug|Any CPU
		{3BB2F611-0CA5-4282-BB66-62EC652517DD}.Release|Any CPU.ActiveCfg = Release|Any CPU
		{3BB2F611-0CA5-4282-BB66-62EC652517DD}.Release|Any CPU.Build.0 = Release|Any CPU
	EndGlobalSection
	GlobalSection(SolutionProperties) = preSolution
		HideSolutionNode = FALSE
	EndGlobalSection
	GlobalSection(ExtensibilityGlobals) = postSolution
		SolutionGuid = {A8BF348F-05AF-43D3-992C-51D17C4B4580}
	EndGlobalSection
EndGlobal
